
Microsoft Visual Studio Solution File, Format Version 12.00
# Visual Studio Version 16
VisualStudioVersion = 16.0.31424.327
MinimumVisualStudioVersion = 10.0.40219.1
Project("{FAE04EC0-301F-11D3-BF4B-00C04F79EFBC}") = "IndiaStateAnalyser", "IndiaStateAnalyser\IndiaStateAnalyser.csproj", "{A160E22D-2F84-4885-B804-0160861DD95B}"
EndProject
Project("{FAE04EC0-301F-11D3-BF4B-00C04F79EFBC}") = "CensusAnalyserNunittest", "CensusAnalyserNunittest\CensusAnalyserNunittest.csproj", "{43DFF1FE-BAFC-42CB-B374-2714B9DC5059}"
EndProject
Global
	GlobalSection(SolutionConfigurationPlatforms) = preSolution
		Debug|Any CPU = Debug|Any CPU
		Release|Any CPU = Release|Any CPU
	EndGlobalSection
	GlobalSection(ProjectConfigurationPlatforms) = postSolution
		{A160E22D-2F84-4885-B804-0160861DD95B}.Debug|Any CPU.ActiveCfg = Debug|Any CPU
		{A160E22D-2F84-4885-B804-0160861DD95B}.Debug|Any CPU.Build.0 = Debug|Any CPU
		{A160E22D-2F84-4885-B804-0160861DD95B}.Release|Any CPU.ActiveCfg = Release|Any CPU
		{A160E22D-2F84-4885-B804-0160861DD95B}.Release|Any CPU.Build.0 = Release|Any CPU
		{43DFF1FE-BAFC-42CB-B374-2714B9DC5059}.Debug|Any CPU.ActiveCfg = Debug|Any CPU
		{43DFF1FE-BAFC-42CB-B374-2714B9DC5059}.Debug|Any CPU.Build.0 = Debug|Any CPU
		{43DFF1FE-BAFC-42CB-B374-2714B9DC5059}.Release|Any CPU.ActiveCfg = Release|Any CPU
		{43DFF1FE-BAFC-42CB-B374-2714B9DC5059}.Release|Any CPU.Build.0 = Release|Any CPU
	EndGlobalSection
	GlobalSection(SolutionProperties) = preSolution
		HideSolutionNode = FALSE
	EndGlobalSection
	GlobalSection(ExtensibilityGlobals) = postSolution
		SolutionGuid = {6B31708D-D123-428F-889E-CB3FA03376CD}
	EndGlobalSection
EndGlobal
